{
  "name": "linreg",
  "version": "1.0.0",
  "lockfileVersion": 1,
  "requires": true,
  "dependencies": {
    "matplotnode": {
      "version": "0.4.2",
      "resolved": "https://registry.npmjs.org/matplotnode/-/matplotnode-0.4.2.tgz",
      "integrity": "sha512-PvamLgebQbPQ9eJs8bkyODnabWRmKivAAgEuP9Kg8gpXiEUwPFL3cPfLfZtHQhqYCwmzjIsMjrWfz2UPf2jrUA=="
    }
  }
}
